
Microsoft Visual Studio Solution File, Format Version 12.00
# Visual Studio Version 17
VisualStudioVersion = 17.13.35818.85 d17.13
MinimumVisualStudioVersion = 10.0.40219.1
Project("{FAE04EC0-301F-11D3-BF4B-00C04F79EFBC}") = "System.Collections.Tests", "src\System.Collections.Tests.csproj", "{4D8E7C9A-CDEA-1C11-9451-C5A0E7796122}"
EndProject
Project("{FAE04EC0-301F-11D3-BF4B-00C04F79EFBC}") = "System.Collections.Tests.App", "tests\System.Collections.Tests.App.csproj", "{0C90EAFC-D9CB-0C92-FD4D-1B55ED7EF2D6}"
EndProject
Global
	GlobalSection(SolutionConfigurationPlatforms) = preSolution
		Debug|Any CPU = Debug|Any CPU
		Release|Any CPU = Release|Any CPU
	EndGlobalSection
	GlobalSection(ProjectConfigurationPlatforms) = postSolution
		{4D8E7C9A-CDEA-1C11-9451-C5A0E7796122}.Debug|Any CPU.ActiveCfg = Debug|Any CPU
		{4D8E7C9A-CDEA-1C11-9451-C5A0E7796122}.Debug|Any CPU.Build.0 = Debug|Any CPU
		{4D8E7C9A-CDEA-1C11-9451-C5A0E7796122}.Release|Any CPU.ActiveCfg = Release|Any CPU
		{4D8E7C9A-CDEA-1C11-9451-C5A0E7796122}.Release|Any CPU.Build.0 = Release|Any CPU
		{0C90EAFC-D9CB-0C92-FD4D-1B55ED7EF2D6}.Debug|Any CPU.ActiveCfg = Debug|Any CPU
		{0C90EAFC-D9CB-0C92-FD4D-1B55ED7EF2D6}.Debug|Any CPU.Build.0 = Debug|Any CPU
		{0C90EAFC-D9CB-0C92-FD4D-1B55ED7EF2D6}.Release|Any CPU.ActiveCfg = Release|Any CPU
		{0C90EAFC-D9CB-0C92-FD4D-1B55ED7EF2D6}.Release|Any CPU.Build.0 = Release|Any CPU
	EndGlobalSection
	GlobalSection(SolutionProperties) = preSolution
		HideSolutionNode = FALSE
	EndGlobalSection
	GlobalSection(ExtensibilityGlobals) = postSolution
		SolutionGuid = {44433198-D48E-4670-826B-2D07664E1226}
	EndGlobalSection
EndGlobal
